
Microsoft Visual Studio Solution File, Format Version 11.00
# Visual Studio 2010
Project("{FAE04EC0-301F-11D3-BF4B-00C04F79EFBC}") = "Unity.Timeline", "Unity.Timeline.csproj", "{971ded2e-b3a9-c12a-1350-4d124a8803a3}"
EndProject
Project("{FAE04EC0-301F-11D3-BF4B-00C04F79EFBC}") = "Unity.Timeline.Editor", "Unity.Timeline.Editor.csproj", "{7fa8b67f-5a98-fa06-a777-e907c14ff235}"
EndProject
Project("{FAE04EC0-301F-11D3-BF4B-00C04F79EFBC}") = "Assembly-CSharp", "Assembly-CSharp.csproj", "{a8e07beb-b2fc-911f-6723-8b64c4cd3e40}"
EndProject
Project("{FAE04EC0-301F-11D3-BF4B-00C04F79EFBC}") = "Unity.ShaderGraph.Editor", "Unity.ShaderGraph.Editor.csproj", "{907fb5f1-8996-8b35-0da9-7f0574001775}"
EndProject
Project("{FAE04EC0-301F-11D3-BF4B-00C04F79EFBC}") = "Unity.RenderPipelines.Universal.Editor", "Unity.RenderPipelines.Universal.Editor.csproj", "{8b1696f7-816c-5a93-3365-2cc38c68ffff}"
EndProject
Project("{FAE04EC0-301F-11D3-BF4B-00C04F79EFBC}") = "Unity.TextMeshPro.Editor", "Unity.TextMeshPro.Editor.csproj", "{e37feb7d-7360-bf62-f135-fc4fc06fae17}"
EndProject
Project("{FAE04EC0-301F-11D3-BF4B-00C04F79EFBC}") = "Unity.InputSystem", "Unity.InputSystem.csproj", "{99ddd120-fe01-7a55-0b75-6f3574c4846f}"
EndProject
Project("{FAE04EC0-301F-11D3-BF4B-00C04F79EFBC}") = "Unity.VisualScripting.Flow", "Unity.VisualScripting.Flow.csproj", "{37c66f24-4659-9ba3-1eba-1dc003485da0}"
EndProject
Project("{FAE04EC0-301F-11D3-BF4B-00C04F79EFBC}") = "Unity.RenderPipelines.Universal.Runtime", "Unity.RenderPipelines.Universal.Runtime.csproj", "{4cce3be1-b30f-ba15-9fb4-93697ea4c52e}"
EndProject
Project("{FAE04EC0-301F-11D3-BF4B-00C04F79EFBC}") = "UnityEditor.UI", "UnityEditor.UI.csproj", "{cb8f283d-fe04-a5d9-538d-080eb7b7f319}"
EndProject
Project("{FAE04EC0-301F-11D3-BF4B-00C04F79EFBC}") = "Unity.PlasticSCM.Editor", "Unity.PlasticSCM.Editor.csproj", "{d6e6bbff-3e26-c246-78a0-71cc584acd0e}"
EndProject
Project("{FAE04EC0-301F-11D3-BF4B-00C04F79EFBC}") = "Unity.RenderPipelines.Core.Runtime", "Unity.RenderPipelines.Core.Runtime.csproj", "{ee0c8a35-05db-2346-b687-802d3328e219}"
EndProject
Project("{FAE04EC0-301F-11D3-BF4B-00C04F79EFBC}") = "Unity.VisualScripting.Core", "Unity.VisualScripting.Core.csproj", "{0e0aaab9-46ed-fab8-4398-8c347775163e}"
EndProject
Project("{FAE04EC0-301F-11D3-BF4B-00C04F79EFBC}") = "Unity.Mathematics", "Unity.Mathematics.csproj", "{3a172d06-2e98-0f1a-5e47-013336a7c106}"
EndProject
Project("{FAE04EC0-301F-11D3-BF4B-00C04F79EFBC}") = "Unity.RenderPipelines.Core.Editor", "Unity.RenderPipelines.Core.Editor.csproj", "{ee783a0a-f63f-f06c-e09d-73d55ae1d7f2}"
EndProject
Project("{FAE04EC0-301F-11D3-BF4B-00C04F79EFBC}") = "Cinemachine", "Cinemachine.csproj", "{db22ef54-013d-c08b-9eb7-6cff87e279f9}"
EndProject
Project("{FAE04EC0-301F-11D3-BF4B-00C04F79EFBC}") = "Unity.VisualScripting.Core.Editor", "Unity.VisualScripting.Core.Editor.csproj", "{a0cd962d-40b8-a28e-41fb-166f1914c5a9}"
EndProject
Project("{FAE04EC0-301F-11D3-BF4B-00C04F79EFBC}") = "Unity.VisualScripting.Flow.Editor", "Unity.VisualScripting.Flow.Editor.csproj", "{792624da-ec98-cb69-d5df-84d23bac0e8d}"
EndProject
Project("{FAE04EC0-301F-11D3-BF4B-00C04F79EFBC}") = "UnityEditor.TestRunner", "UnityEditor.TestRunner.csproj", "{122f3e4e-fd79-c8a2-d36c-90021ae4c012}"
EndProject
Project("{FAE04EC0-301F-11D3-BF4B-00C04F79EFBC}") = "Unity.VisualScripting.SettingsProvider.Editor", "Unity.VisualScripting.SettingsProvider.Editor.csproj", "{35d8a523-0ff8-88a8-1413-b5217d5bafeb}"
EndProject
Project("{FAE04EC0-301F-11D3-BF4B-00C04F79EFBC}") = "UnityEngine.TestRunner", "UnityEngine.TestRunner.csproj", "{d495d097-6a39-5e15-dd07-e80f43d85969}"
EndProject
Project("{FAE04EC0-301F-11D3-BF4B-00C04F79EFBC}") = "Unity.Searcher.Editor", "Unity.Searcher.Editor.csproj", "{7d7e9343-cd33-ec1f-2a57-444d192d22dc}"
EndProject
Project("{FAE04EC0-301F-11D3-BF4B-00C04F79EFBC}") = "Unity.Burst", "Unity.Burst.csproj", "{8a54b483-2164-72f7-a011-72b30a20560b}"
EndProject
Project("{FAE04EC0-301F-11D3-BF4B-00C04F79EFBC}") = "UnityEngine.UI", "UnityEngine.UI.csproj", "{90204ff3-32c4-1053-5b7c-d80319c0a1d0}"
EndProject
Project("{FAE04EC0-301F-11D3-BF4B-00C04F79EFBC}") = "Unity.VisualStudio.Editor", "Unity.VisualStudio.Editor.csproj", "{d4bcf9c6-c726-93a9-3503-744b678beae8}"
EndProject
Project("{FAE04EC0-301F-11D3-BF4B-00C04F79EFBC}") = "com.unity.cinemachine.editor", "com.unity.cinemachine.editor.csproj", "{861b169d-fe72-727b-7bc4-b1bcfce7264e}"
EndProject
Project("{FAE04EC0-301F-11D3-BF4B-00C04F79EFBC}") = "PPv2URPConverters", "PPv2URPConverters.csproj", "{c63c2909-d9a5-2c8a-7ed1-e306f1b43178}"
EndProject
Project("{FAE04EC0-301F-11D3-BF4B-00C04F79EFBC}") = "Unity.Rider.Editor", "Unity.Rider.Editor.csproj", "{24d22630-2300-0b91-4311-ffcb6603491c}"
EndProject
Project("{FAE04EC0-301F-11D3-BF4B-00C04F79EFBC}") = "Unity.VisualScripting.State.Editor", "Unity.VisualScripting.State.Editor.csproj", "{dd8a1856-fd23-08fd-e1d5-7574fe860bbb}"
EndProject
Project("{FAE04EC0-301F-11D3-BF4B-00C04F79EFBC}") = "Unity.Burst.CodeGen", "Unity.Burst.CodeGen.csproj", "{2eebdd1a-b6d3-7d3e-9548-71cfd7060e89}"
EndProject
Project("{FAE04EC0-301F-11D3-BF4B-00C04F79EFBC}") = "Unity.RenderPipeline.Universal.ShaderLibrary", "Unity.RenderPipeline.Universal.ShaderLibrary.csproj", "{3769ac00-6fc6-fcc1-9260-9defe94c08b0}"
EndProject
Project("{FAE04EC0-301F-11D3-BF4B-00C04F79EFBC}") = "Unity.VisualScripting.State", "Unity.VisualScripting.State.csproj", "{eb6e17cd-c239-87e0-ac9a-485253c21f0b}"
EndProject
Project("{FAE04EC0-301F-11D3-BF4B-00C04F79EFBC}") = "Unity.TextMeshPro", "Unity.TextMeshPro.csproj", "{4cb38619-2550-32b8-b37a-22328b6e651e}"
EndProject
Project("{FAE04EC0-301F-11D3-BF4B-00C04F79EFBC}") = "Unity.VSCode.Editor", "Unity.VSCode.Editor.csproj", "{33442642-3e54-24e9-11e6-1bfb8d7a09b6}"
EndProject
Project("{FAE04EC0-301F-11D3-BF4B-00C04F79EFBC}") = "Unity.Burst.Editor", "Unity.Burst.Editor.csproj", "{0135fe47-d1b5-4755-9897-c1e4418e7dbc}"
EndProject
Project("{FAE04EC0-301F-11D3-BF4B-00C04F79EFBC}") = "Unity.2D.Sprite.Editor", "Unity.2D.Sprite.Editor.csproj", "{e0f7a7f9-e2b2-86fd-b922-235d854ebbc5}"
EndProject
Project("{FAE04EC0-301F-11D3-BF4B-00C04F79EFBC}") = "Unity.ShaderGraph.Utilities", "Unity.ShaderGraph.Utilities.csproj", "{0c04aef5-19b4-3992-2eed-837bbf2cad17}"
EndProject
Project("{FAE04EC0-301F-11D3-BF4B-00C04F79EFBC}") = "Unity.InputSystem.ForUI", "Unity.InputSystem.ForUI.csproj", "{79e36db9-735c-17f9-834a-34b0f1e73bd6}"
EndProject
Project("{FAE04EC0-301F-11D3-BF4B-00C04F79EFBC}") = "Unity.Mathematics.Editor", "Unity.Mathematics.Editor.csproj", "{81aae630-7bb0-8cc0-2a96-7c0bd6b8dd7c}"
EndProject
Project("{FAE04EC0-301F-11D3-BF4B-00C04F79EFBC}") = "Unity.InputSystem.TestFramework", "Unity.InputSystem.TestFramework.csproj", "{85a1f2e1-57dd-e99c-867d-778271c6a419}"
EndProject
Project("{FAE04EC0-301F-11D3-BF4B-00C04F79EFBC}") = "Unity.VisualScripting.Shared.Editor", "Unity.VisualScripting.Shared.Editor.csproj", "{350b2258-1198-1af2-eaa5-51e62c5cf781}"
EndProject
Project("{FAE04EC0-301F-11D3-BF4B-00C04F79EFBC}") = "Unity.CollabProxy.Editor", "Unity.CollabProxy.Editor.csproj", "{b3f57c20-f0c7-2a75-9ef5-8e44960f350a}"
EndProject
Project("{FAE04EC0-301F-11D3-BF4B-00C04F79EFBC}") = "Unity.RenderPipelines.ShaderGraph.ShaderGraphLibrary", "Unity.RenderPipelines.ShaderGraph.ShaderGraphLibrary.csproj", "{98900884-06f7-b71e-5a34-47ade568682c}"
EndProject
Project("{FAE04EC0-301F-11D3-BF4B-00C04F79EFBC}") = "Unity.RenderPipelines.Core.ShaderLibrary", "Unity.RenderPipelines.Core.ShaderLibrary.csproj", "{802ac3e8-6d2f-715a-7644-317ea2a8e700}"
EndProject
Project("{FAE04EC0-301F-11D3-BF4B-00C04F79EFBC}") = "Unity.RenderPipelines.Universal.Shaders", "Unity.RenderPipelines.Universal.Shaders.csproj", "{f98a3677-b232-1eaa-02a8-d7d0ccd5691c}"
EndProject
Global
	GlobalSection(SolutionConfigurationPlatforms) = preSolution
		Debug|Any CPU = Debug|Any CPU
	EndGlobalSection
	GlobalSection(ProjectConfigurationPlatforms) = postSolution
		{971ded2e-b3a9-c12a-1350-4d124a8803a3}.Debug|Any CPU.ActiveCfg = Debug|Any CPU
		{971ded2e-b3a9-c12a-1350-4d124a8803a3}.Debug|Any CPU.Build.0 = Debug|Any CPU
		{7fa8b67f-5a98-fa06-a777-e907c14ff235}.Debug|Any CPU.ActiveCfg = Debug|Any CPU
		{7fa8b67f-5a98-fa06-a777-e907c14ff235}.Debug|Any CPU.Build.0 = Debug|Any CPU
		{a8e07beb-b2fc-911f-6723-8b64c4cd3e40}.Debug|Any CPU.ActiveCfg = Debug|Any CPU
		{a8e07beb-b2fc-911f-6723-8b64c4cd3e40}.Debug|Any CPU.Build.0 = Debug|Any CPU
		{907fb5f1-8996-8b35-0da9-7f0574001775}.Debug|Any CPU.ActiveCfg = Debug|Any CPU
		{907fb5f1-8996-8b35-0da9-7f0574001775}.Debug|Any CPU.Build.0 = Debug|Any CPU
		{8b1696f7-816c-5a93-3365-2cc38c68ffff}.Debug|Any CPU.ActiveCfg = Debug|Any CPU
		{8b1696f7-816c-5a93-3365-2cc38c68ffff}.Debug|Any CPU.Build.0 = Debug|Any CPU
		{e37feb7d-7360-bf62-f135-fc4fc06fae17}.Debug|Any CPU.ActiveCfg = Debug|Any CPU
		{e37feb7d-7360-bf62-f135-fc4fc06fae17}.Debug|Any CPU.Build.0 = Debug|Any CPU
		{99ddd120-fe01-7a55-0b75-6f3574c4846f}.Debug|Any CPU.ActiveCfg = Debug|Any CPU
		{99ddd120-fe01-7a55-0b75-6f3574c4846f}.Debug|Any CPU.Build.0 = Debug|Any CPU
		{37c66f24-4659-9ba3-1eba-1dc003485da0}.Debug|Any CPU.ActiveCfg = Debug|Any CPU
		{37c66f24-4659-9ba3-1eba-1dc003485da0}.Debug|Any CPU.Build.0 = Debug|Any CPU
		{4cce3be1-b30f-ba15-9fb4-93697ea4c52e}.Debug|Any CPU.ActiveCfg = Debug|Any CPU
		{4cce3be1-b30f-ba15-9fb4-93697ea4c52e}.Debug|Any CPU.Build.0 = Debug|Any CPU
		{cb8f283d-fe04-a5d9-538d-080eb7b7f319}.Debug|Any CPU.ActiveCfg = Debug|Any CPU
		{cb8f283d-fe04-a5d9-538d-080eb7b7f319}.Debug|Any CPU.Build.0 = Debug|Any CPU
		{d6e6bbff-3e26-c246-78a0-71cc584acd0e}.Debug|Any CPU.ActiveCfg = Debug|Any CPU
		{d6e6bbff-3e26-c246-78a0-71cc584acd0e}.Debug|Any CPU.Build.0 = Debug|Any CPU
		{ee0c8a35-05db-2346-b687-802d3328e219}.Debug|Any CPU.ActiveCfg = Debug|Any CPU
		{ee0c8a35-05db-2346-b687-802d3328e219}.Debug|Any CPU.Build.0 = Debug|Any CPU
		{0e0aaab9-46ed-fab8-4398-8c347775163e}.Debug|Any CPU.ActiveCfg = Debug|Any CPU
		{0e0aaab9-46ed-fab8-4398-8c347775163e}.Debug|Any CPU.Build.0 = Debug|Any CPU
		{3a172d06-2e98-0f1a-5e47-013336a7c106}.Debug|Any CPU.ActiveCfg = Debug|Any CPU
		{3a172d06-2e98-0f1a-5e47-013336a7c106}.Debug|Any CPU.Build.0 = Debug|Any CPU
		{ee783a0a-f63f-f06c-e09d-73d55ae1d7f2}.Debug|Any CPU.ActiveCfg = Debug|Any CPU
		{ee783a0a-f63f-f06c-e09d-73d55ae1d7f2}.Debug|Any CPU.Build.0 = Debug|Any CPU
		{db22ef54-013d-c08b-9eb7-6cff87e279f9}.Debug|Any CPU.ActiveCfg = Debug|Any CPU
		{db22ef54-013d-c08b-9eb7-6cff87e279f9}.Debug|Any CPU.Build.0 = Debug|Any CPU
		{a0cd962d-40b8-a28e-41fb-166f1914c5a9}.Debug|Any CPU.ActiveCfg = Debug|Any CPU
		{a0cd962d-40b8-a28e-41fb-166f1914c5a9}.Debug|Any CPU.Build.0 = Debug|Any CPU
		{792624da-ec98-cb69-d5df-84d23bac0e8d}.Debug|Any CPU.ActiveCfg = Debug|Any CPU
		{792624da-ec98-cb69-d5df-84d23bac0e8d}.Debug|Any CPU.Build.0 = Debug|Any CPU
		{122f3e4e-fd79-c8a2-d36c-90021ae4c012}.Debug|Any CPU.ActiveCfg = Debug|Any CPU
		{122f3e4e-fd79-c8a2-d36c-90021ae4c012}.Debug|Any CPU.Build.0 = Debug|Any CPU
		{35d8a523-0ff8-88a8-1413-b5217d5bafeb}.Debug|Any CPU.ActiveCfg = Debug|Any CPU
		{35d8a523-0ff8-88a8-1413-b5217d5bafeb}.Debug|Any CPU.Build.0 = Debug|Any CPU
		{d495d097-6a39-5e15-dd07-e80f43d85969}.Debug|Any CPU.ActiveCfg = Debug|Any CPU
		{d495d097-6a39-5e15-dd07-e80f43d85969}.Debug|Any CPU.Build.0 = Debug|Any CPU
		{7d7e9343-cd33-ec1f-2a57-444d192d22dc}.Debug|Any CPU.ActiveCfg = Debug|Any CPU
		{7d7e9343-cd33-ec1f-2a57-444d192d22dc}.Debug|Any CPU.Build.0 = Debug|Any CPU
		{8a54b483-2164-72f7-a011-72b30a20560b}.Debug|Any CPU.ActiveCfg = Debug|Any CPU
		{8a54b483-2164-72f7-a011-72b30a20560b}.Debug|Any CPU.Build.0 = Debug|Any CPU
		{90204ff3-32c4-1053-5b7c-d80319c0a1d0}.Debug|Any CPU.ActiveCfg = Debug|Any CPU
		{90204ff3-32c4-1053-5b7c-d80319c0a1d0}.Debug|Any CPU.Build.0 = Debug|Any CPU
		{d4bcf9c6-c726-93a9-3503-744b678beae8}.Debug|Any CPU.ActiveCfg = Debug|Any CPU
		{d4bcf9c6-c726-93a9-3503-744b678beae8}.Debug|Any CPU.Build.0 = Debug|Any CPU
		{861b169d-fe72-727b-7bc4-b1bcfce7264e}.Debug|Any CPU.ActiveCfg = Debug|Any CPU
		{861b169d-fe72-727b-7bc4-b1bcfce7264e}.Debug|Any CPU.Build.0 = Debug|Any CPU
		{c63c2909-d9a5-2c8a-7ed1-e306f1b43178}.Debug|Any CPU.ActiveCfg = Debug|Any CPU
		{c63c2909-d9a5-2c8a-7ed1-e306f1b43178}.Debug|Any CPU.Build.0 = Debug|Any CPU
		{24d22630-2300-0b91-4311-ffcb6603491c}.Debug|Any CPU.ActiveCfg = Debug|Any CPU
		{24d22630-2300-0b91-4311-ffcb6603491c}.Debug|Any CPU.Build.0 = Debug|Any CPU
		{dd8a1856-fd23-08fd-e1d5-7574fe860bbb}.Debug|Any CPU.ActiveCfg = Debug|Any CPU
		{dd8a1856-fd23-08fd-e1d5-7574fe860bbb}.Debug|Any CPU.Build.0 = Debug|Any CPU
		{2eebdd1a-b6d3-7d3e-9548-71cfd7060e89}.Debug|Any CPU.ActiveCfg = Debug|Any CPU
		{2eebdd1a-b6d3-7d3e-9548-71cfd7060e89}.Debug|Any CPU.Build.0 = Debug|Any CPU
		{3769ac00-6fc6-fcc1-9260-9defe94c08b0}.Debug|Any CPU.ActiveCfg = Debug|Any CPU
		{3769ac00-6fc6-fcc1-9260-9defe94c08b0}.Debug|Any CPU.Build.0 = Debug|Any CPU
		{eb6e17cd-c239-87e0-ac9a-485253c21f0b}.Debug|Any CPU.ActiveCfg = Debug|Any CPU
		{eb6e17cd-c239-87e0-ac9a-485253c21f0b}.Debug|Any CPU.Build.0 = Debug|Any CPU
		{4cb38619-2550-32b8-b37a-22328b6e651e}.Debug|Any CPU.ActiveCfg = Debug|Any CPU
		{4cb38619-2550-32b8-b37a-22328b6e651e}.Debug|Any CPU.Build.0 = Debug|Any CPU
		{33442642-3e54-24e9-11e6-1bfb8d7a09b6}.Debug|Any CPU.ActiveCfg = Debug|Any CPU
		{33442642-3e54-24e9-11e6-1bfb8d7a09b6}.Debug|Any CPU.Build.0 = Debug|Any CPU
		{0135fe47-d1b5-4755-9897-c1e4418e7dbc}.Debug|Any CPU.ActiveCfg = Debug|Any CPU
		{0135fe47-d1b5-4755-9897-c1e4418e7dbc}.Debug|Any CPU.Build.0 = Debug|Any CPU
		{e0f7a7f9-e2b2-86fd-b922-235d854ebbc5}.Debug|Any CPU.ActiveCfg = Debug|Any CPU
		{e0f7a7f9-e2b2-86fd-b922-235d854ebbc5}.Debug|Any CPU.Build.0 = Debug|Any CPU
		{0c04aef5-19b4-3992-2eed-837bbf2cad17}.Debug|Any CPU.ActiveCfg = Debug|Any CPU
		{0c04aef5-19b4-3992-2eed-837bbf2cad17}.Debug|Any CPU.Build.0 = Debug|Any CPU
		{79e36db9-735c-17f9-834a-34b0f1e73bd6}.Debug|Any CPU.ActiveCfg = Debug|Any CPU
		{79e36db9-735c-17f9-834a-34b0f1e73bd6}.Debug|Any CPU.Build.0 = Debug|Any CPU
		{81aae630-7bb0-8cc0-2a96-7c0bd6b8dd7c}.Debug|Any CPU.ActiveCfg = Debug|Any CPU
		{81aae630-7bb0-8cc0-2a96-7c0bd6b8dd7c}.Debug|Any CPU.Build.0 = Debug|Any CPU
		{85a1f2e1-57dd-e99c-867d-778271c6a419}.Debug|Any CPU.ActiveCfg = Debug|Any CPU
		{85a1f2e1-57dd-e99c-867d-778271c6a419}.Debug|Any CPU.Build.0 = Debug|Any CPU
		{350b2258-1198-1af2-eaa5-51e62c5cf781}.Debug|Any CPU.ActiveCfg = Debug|Any CPU
		{350b2258-1198-1af2-eaa5-51e62c5cf781}.Debug|Any CPU.Build.0 = Debug|Any CPU
		{b3f57c20-f0c7-2a75-9ef5-8e44960f350a}.Debug|Any CPU.ActiveCfg = Debug|Any CPU
		{b3f57c20-f0c7-2a75-9ef5-8e44960f350a}.Debug|Any CPU.Build.0 = Debug|Any CPU
		{98900884-06f7-b71e-5a34-47ade568682c}.Debug|Any CPU.ActiveCfg = Debug|Any CPU
		{98900884-06f7-b71e-5a34-47ade568682c}.Debug|Any CPU.Build.0 = Debug|Any CPU
		{802ac3e8-6d2f-715a-7644-317ea2a8e700}.Debug|Any CPU.ActiveCfg = Debug|Any CPU
		{802ac3e8-6d2f-715a-7644-317ea2a8e700}.Debug|Any CPU.Build.0 = Debug|Any CPU
		{f98a3677-b232-1eaa-02a8-d7d0ccd5691c}.Debug|Any CPU.ActiveCfg = Debug|Any CPU
		{f98a3677-b232-1eaa-02a8-d7d0ccd5691c}.Debug|Any CPU.Build.0 = Debug|Any CPU
	EndGlobalSection
	GlobalSection(SolutionProperties) = preSolution
		HideSolutionNode = FALSE
	EndGlobalSection
EndGlobal
